{
  "object": {
    "pins": [
      {
        "package": "SwiftConvenience",
        "repositoryURL": "https://github.com/hello-apps/swift-convenience",
        "state": {
          "branch": "main",
          "revision": "7ae81d104400e1a8574715233e2a83e8a7e77972",
          "version": null
        }
      },
      {
        "package": "SwiftUIConvenience",
        "repositoryURL": "https://github.com/hello-apps/swiftui-convenience",
        "state": {
          "branch": "main",
          "revision": "255fa63bdc3397365775c49747910ae054a9ef1b",
          "version": null
        }
      }
    ]
  },
  "version": 1
}
